
Microsoft Visual Studio Solution File, Format Version 12.00
# Visual Studio Version 17
VisualStudioVersion = 17.13.35931.197
MinimumVisualStudioVersion = 10.0.40219.1
Project("{FAE04EC0-301F-11D3-BF4B-00C04F79EFBC}") = "ErrorControlBlazorDemo", "ErrorControlBlazorDemo\ErrorControlBlazorDemo.csproj", "{735D7686-7438-64D0-3B5B-1BF709EFF3BD}"
EndProject
Global
	GlobalSection(SolutionConfigurationPlatforms) = preSolution
		Debug|Any CPU = Debug|Any CPU
		Release|Any CPU = Release|Any CPU
	EndGlobalSection
	GlobalSection(ProjectConfigurationPlatforms) = postSolution
		{735D7686-7438-64D0-3B5B-1BF709EFF3BD}.Debug|Any CPU.ActiveCfg = Debug|Any CPU
		{735D7686-7438-64D0-3B5B-1BF709EFF3BD}.Debug|Any CPU.Build.0 = Debug|Any CPU
		{735D7686-7438-64D0-3B5B-1BF709EFF3BD}.Release|Any CPU.ActiveCfg = Release|Any CPU
		{735D7686-7438-64D0-3B5B-1BF709EFF3BD}.Release|Any CPU.Build.0 = Release|Any CPU
	EndGlobalSection
	GlobalSection(SolutionProperties) = preSolution
		HideSolutionNode = FALSE
	EndGlobalSection
	GlobalSection(ExtensibilityGlobals) = postSolution
		SolutionGuid = {9747C6B0-BEC5-4136-A703-E29AC7E925E9}
	EndGlobalSection
EndGlobal
